lockfileVersion: '9.0'

settings:
  autoInstallPeers: true
  excludeLinksFromLockfile: false

importers:

  .:
    devDependencies:
      '@axe-core/playwright':
        specifier: ^4.11.3
        version: 4.11.3(playwright-core@1.60.0)
      '@biomejs/biome':
        specifier: 2.4.16
        version: 2.4.16
      '@faker-js/faker':
        specifier: ^10.4.0
        version: 10.4.0
      '@playwright/test':
        specifier: ^1.60.0
        version: 1.60.0
      date-fns:
        specifier: ^4.4.0
        version: 4.4.0
      dotenv:
        specifier: ^17.4.2
        version: 17.4.2
      uuid:
        specifier: ^14.0.0
        version: 14.0.0

packages:

  '@axe-core/playwright@4.11.3':
    resolution: {integrity: sha512-h/kfksv4F0cVIDlKpT4700OehdRgpvuVskuQ2nb7/JmtWUXpe9ftHAPtwyXGvVSsa6SJ64A9ER7Zrzc/sIvC4w==}
    peerDependencies:
      playwright-core: '>= 1.0.0'

  '@biomejs/biome@2.4.16':
    resolution: {integrity: sha512-x9ajFh1zChVybCiM3TN6OD4phAqLgtPZjFrZF+aTMYCPjwBO+k529TX7PPsAqtGNLeV4UgzwQnowEgS7bGmzcA==}
    engines: {node: '>=14.21.3'}
    hasBin: true

  '@biomejs/cli-darwin-arm64@2.4.16':
    resolution: {integrity: sha512-wxPvu4XOA85YJk9ixSWUmq/QBHbid85BISbOAqqBM/5xQpPk9ayjk5375tOlSC0BeCwNSbPFafQBm+vBumXq0A==}
    engines: {node: '>=14.21.3'}
    cpu: [arm64]
    os: [darwin]

  '@biomejs/cli-darwin-x64@2.4.16':
    resolution: {integrity: sha512-xFCqGPwYusQJp4N4NJLi1XJiZqjwFdjhT+KqtNy+Ug3qgfczqnTa6MSDvxJF6TkuDLoYJItMapz6tAf7kCekFw==}
    engines: {node: '>=14.21.3'}
    cpu: [x64]
    os: [darwin]

  '@biomejs/cli-linux-arm64-musl@2.4.16':
    resolution: {integrity: sha512-oYxnW0ARfJkr72ezzF2OR8N/rtkgLUQeYtF8cFhVswbknHxtTcmzSsanVJP8yQKnGpGpc2ck6c5zLvHahL6Cbg==}
    engines: {node: '>=14.21.3'}
    cpu: [arm64]
    os: [linux]
    libc: [musl]

  '@biomejs/cli-linux-arm64@2.4.16':
    resolution: {integrity: sha512-2kFb4//jxfZaP6D+Rj5VkHkxgyD9EoRAVBEQb8PKRv+s4NO2zYNJKXFaJmK1CmhufJOWEfpHKaRbOja7qjmdhQ==}
    engines: {node: '>=14.21.3'}
    cpu: [arm64]
    os: [linux]
    libc: [glibc]

  '@biomejs/cli-linux-x64-musl@2.4.16':
    resolution: {integrity: sha512-iHDS+MCM65DPqWGu+ECC3uoALyj2H7F4nVUPxIPjz/PIl94EUu+EDfGZDzFP+NY1EOPVt9NQvwFqq7HdMmowdg==}
    engines: {node: '>=14.21.3'}
    cpu: [x64]
    os: [linux]
    libc: [musl]

  '@biomejs/cli-linux-x64@2.4.16':
    resolution: {integrity: sha512-NbcBbi/nJqn5baae6wqRXdS7Gadf2uRpehSh6vMSYpG8OhkXl/Xg8aorWrJ+9VWqAT5ml90alLvorkpMW0nBwQ==}
    engines: {node: '>=14.21.3'}
    cpu: [x64]
    os: [linux]
    libc: [glibc]

  '@biomejs/cli-win32-arm64@2.4.16':
    resolution: {integrity: sha512-0rgImMsNb5v/chhkIFe3wu7PEFClS6RBAYUijGL9UsYN3PanSaoK24HSSuSJb1pYbYYVjzAyZTl3gtjJ84BM8A==}
    engines: {node: '>=14.21.3'}
    cpu: [arm64]
    os: [win32]

  '@biomejs/cli-win32-x64@2.4.16':
    resolution: {integrity: sha512-Kp85jgoBHa05gix6UIRjfCDiUV3w/8VIdZ247VyyO2gEjaw12WEVhdIjlxp/AMzXxqxQwbxNTDVZ3Mwd2RG5rw==}
    engines: {node: '>=14.21.3'}
    cpu: [x64]
    os: [win32]

  '@faker-js/faker@10.4.0':
    resolution: {integrity: sha512-sDBWI3yLy8EcDzgobvJTWq1MJYzAkQdpjXuPukga9wXonhpMRvd1Izuo2Qgwey2OiEoRIBr35RMU9HJRoOHzpw==}
    engines: {node: ^20.19.0 || ^22.13.0 || ^23.5.0 || >=24.0.0, npm: '>=10'}

  '@playwright/test@1.60.0':
    resolution: {integrity: sha512-O71yZIbAh/PxDMNGns37GHBIfrVkEVyn+AXyIa5dOTfb4/xNvRWV+Vv/NMbNCtODB/pO7vLlF2OTmMVLhmr7Ag==}
    engines: {node: '>=18'}
    hasBin: true

  axe-core@4.11.4:
    resolution: {integrity: sha512-KunSNx+TVpkAw/6ULfhnx+HWRecjqZGTOyquAoWHYLRSdK1tB5Ihce1ZW+UY3fj33bYAFWPu7W/GRSmmrCGuxA==}
    engines: {node: '>=4'}

  date-fns@4.4.0:
    resolution: {integrity: sha512-+1UMbeh68lH1SegH83CGWwpb6OHHbpSgr3+s5Eww5M4CAgswBpoWS0AjTOfEJ33HiYKz1hdj/KTFprzXHmq/6w==}

  dotenv@17.4.2:
    resolution: {integrity: sha512-nI4U3TottKAcAD9LLud4Cb7b2QztQMUEfHbvhTH09bqXTxnSie8WnjPALV/WMCrJZ6UV/qHJ6L03OqO3LcdYZw==}
    engines: {node: '>=12'}

  fsevents@2.3.2:
    resolution: {integrity: sha512-xiqMQR4xAeHTuB9uWm+fFRcIOgKBMiOBP+eXiyT7jsgVCq1bkVygt00oASowB7EdtpOHaaPgKt812P9ab+DDKA==}
    engines: {node: ^8.16.0 || ^10.6.0 || >=11.0.0}
    os: [darwin]

  playwright-core@1.60.0:
    resolution: {integrity: sha512-9bW6zvX/m0lEbgTKJ6YppOKx8H3VOPBMOCFh2irXFOT4BbHgrx5hPjwJYLT40Lu+4qtD36qKc/Hn56StUW57IA==}
    engines: {node: '>=18'}
    hasBin: true

  playwright@1.60.0:
    resolution: {integrity: sha512-hheHdokM8cdqCb0lcE3s+zT4t4W+vvjpGxsZlDnikarzx8tSzMebh3UiFtgqwFwnTnjYQcsyMF8ei2mCO/tpeA==}
    engines: {node: '>=18'}
    hasBin: true

  uuid@14.0.0:
    resolution: {integrity: sha512-Qo+uWgilfSmAhXCMav1uYFynlQO7fMFiMVZsQqZRMIXp0O7rR7qjkj+cPvBHLgBqi960QCoo/PH2/6ZtVqKvrg==}
    hasBin: true

snapshots:

  '@axe-core/playwright@4.11.3(playwright-core@1.60.0)':
    dependencies:
      axe-core: 4.11.4
      playwright-core: 1.60.0

  '@biomejs/biome@2.4.16':
    optionalDependencies:
      '@biomejs/cli-darwin-arm64': 2.4.16
      '@biomejs/cli-darwin-x64': 2.4.16
      '@biomejs/cli-linux-arm64': 2.4.16
      '@biomejs/cli-linux-arm64-musl': 2.4.16
      '@biomejs/cli-linux-x64': 2.4.16
      '@biomejs/cli-linux-x64-musl': 2.4.16
      '@biomejs/cli-win32-arm64': 2.4.16
      '@biomejs/cli-win32-x64': 2.4.16

  '@biomejs/cli-darwin-arm64@2.4.16':
    optional: true

  '@biomejs/cli-darwin-x64@2.4.16':
    optional: true

  '@biomejs/cli-linux-arm64-musl@2.4.16':
    optional: true

  '@biomejs/cli-linux-arm64@2.4.16':
    optional: true

  '@biomejs/cli-linux-x64-musl@2.4.16':
    optional: true

  '@biomejs/cli-linux-x64@2.4.16':
    optional: true

  '@biomejs/cli-win32-arm64@2.4.16':
    optional: true

  '@biomejs/cli-win32-x64@2.4.16':
    optional: true

  '@faker-js/faker@10.4.0': {}

  '@playwright/test@1.60.0':
    dependencies:
      playwright: 1.60.0

  axe-core@4.11.4: {}

  date-fns@4.4.0: {}

  dotenv@17.4.2: {}

  fsevents@2.3.2:
    optional: true

  playwright-core@1.60.0: {}

  playwright@1.60.0:
    dependencies:
      playwright-core: 1.60.0
    optionalDependencies:
      fsevents: 2.3.2

  uuid@14.0.0: {}
